
Microsoft Visual Studio Solution File, Format Version 12.00
# Visual Studio 2013
VisualStudioVersion = 12.0.21005.1
MinimumVisualStudioVersion = 10.0.40219.1
Project("{FAE04EC0-301F-11D3-BF4B-00C04F79EFBC}") = "tripping-octo-nemesis", "tripping-octo-nemesis.csproj", "{FC2AB1CD-97A4-4550-8D19-9BEEE964922E}"
EndProject
Global
	GlobalSection(SolutionConfigurationPlatforms) = preSolution
		Debug|Any CPU = Debug|Any CPU
		Release|Any CPU = Release|Any CPU
	EndGlobalSection
	GlobalSection(ProjectConfigurationPlatforms) = postSolution
		{FC2AB1CD-97A4-4550-8D19-9BEEE964922E}.Debug|Any CPU.ActiveCfg = Debug|Any CPU
		{FC2AB1CD-97A4-4550-8D19-9BEEE964922E}.Debug|Any CPU.Build.0 = Debug|Any CPU
		{FC2AB1CD-97A4-4550-8D19-9BEEE964922E}.Release|Any CPU.ActiveCfg = Release|Any CPU
		{FC2AB1CD-97A4-4550-8D19-9BEEE964922E}.Release|Any CPU.Build.0 = Release|Any CPU
	EndGlobalSection
	GlobalSection(SolutionProperties) = preSolution
		HideSolutionNode = FALSE
	EndGlobalSection
EndGlobal
